
Microsoft Visual Studio Solution File, Format Version 12.00
# Visual Studio Version 17
VisualStudioVersion = 17.3.32929.385
MinimumVisualStudioVersion = 10.0.40219.1
Project("{FAE04EC0-301F-11D3-BF4B-00C04F79EFBC}") = "TestConsoleApp", "TestConsoleApp\TestConsoleApp.csproj", "{A85C400C-FFB2-4CAB-B880-05DA3FBD83EB}"
EndProject
Global
	GlobalSection(SolutionConfigurationPlatforms) = preSolution
		Debug|Any CPU = Debug|Any CPU
		Release|Any CPU = Release|Any CPU
	EndGlobalSection
	GlobalSection(ProjectConfigurationPlatforms) = postSolution
		{A85C400C-FFB2-4CAB-B880-05DA3FBD83EB}.Debug|Any CPU.ActiveCfg = Debug|Any CPU
		{A85C400C-FFB2-4CAB-B880-05DA3FBD83EB}.Debug|Any CPU.Build.0 = Debug|Any CPU
		{A85C400C-FFB2-4CAB-B880-05DA3FBD83EB}.Release|Any CPU.ActiveCfg = Release|Any CPU
		{A85C400C-FFB2-4CAB-B880-05DA3FBD83EB}.Release|Any CPU.Build.0 = Release|Any CPU
	EndGlobalSection
	GlobalSection(SolutionProperties) = preSolution
		HideSolutionNode = FALSE
	EndGlobalSection
	GlobalSection(ExtensibilityGlobals) = postSolution
		SolutionGuid = {93A0F0EB-70D6-4117-81C9-145C922D06BF}
	EndGlobalSection
EndGlobal
